<?xml version="1.0" encoding="utf-8"?>
<Project ToolsVersion="4.0" xmlns="http://schemas.microsoft.com/developer/msbuild/2003">
  <ItemGroup>
    <Filter Include="src">
      <UniqueIdentifier>{d3c7c326-d439-4109-b3c0-ec8024bdc06c}</UniqueIdentifier>
    </Filter>
    <Filter Include="include">
      <UniqueIdentifier>{23e3c224-42f5-4427-a9b3-fb20bb7c4c19}</UniqueIdentifier>
    </Filter>
    <Filter Include="include\pgtk">
      <UniqueIdentifier>{7d70b030-a01b-44c3-80e0-a15eaa9d1bc5}</UniqueIdentifier>
    </Filter>
    <Filter Include="src\pgtk">
      <UniqueIdentifier>{dd8a2a91-8937-4332-9958-ab568185623c}</UniqueIdentifier>
    </Filter>
    <Filter Include="include\utils">
      <UniqueIdentifier>{ea5152b1-79a6-4233-a308-32e06e822baa}</UniqueIdentifier>
    </Filter>
    <Filter Include="src\stb">
      <UniqueIdentifier>{6f15e31a-7b3f-43a1-9f07-5df3550b86fb}</UniqueIdentifier>
    </Filter>
  </ItemGroup>
  <ItemGroup>
    <ClCompile Include="src\pgtk\PgtkLib.c">
      <Filter>src\pgtk</Filter>
    </ClCompile>
    <ClCompile Include="src\stb\stb_image.c">
      <Filter>src\stb</Filter>
    </ClCompile>
    <ClCompile Include="src\stb\stb_image_resize.c">
      <Filter>src\stb</Filter>
    </ClCompile>
    <ClCompile Include="src\stb\stb_image_write.c">
      <Filter>src\stb</Filter>
    </ClCompile>
  </ItemGroup>
  <ItemGroup>
    <ClInclude Include="include\pgtk\PgtkLib.h">
      <Filter>include\pgtk</Filter>
    </ClInclude>
    <ClInclude Include="src\pgtk\PgtkLib.h">
      <Filter>src\pgtk</Filter>
    </ClInclude>
    <ClInclude Include="include\pgtk\PgtkLibApi.h">
      <Filter>include\pgtk</Filter>
    </ClInclude>
    <ClInclude Include="include\utils\Bool.h">
      <Filter>include\utils</Filter>
    </ClInclude>
    <ClInclude Include="include\pgtk\errors.h">
      <Filter>include\pgtk</Filter>
    </ClInclude>
    <ClInclude Include="src\stb\stb_image.h">
      <Filter>src\stb</Filter>
    </ClInclude>
    <ClInclude Include="src\stb\stb_image_resize.h">
      <Filter>src\stb</Filter>
    </ClInclude>
    <ClInclude Include="src\stb\stb_image_write.h">
      <Filter>src\stb</Filter>
    </ClInclude>
  </ItemGroup>
</Project>